// !$*UTF8*$!
{
	archiveVersion = 1;
	classes = {
	};
	objectVersion = 54;
	objects = {

/* Begin PBXBuildFile section */
		1E1B776625CD7CDE00F5F4EC /* QuotesView.swift in Sources */ = {isa = PBXBuildFile; fileRef = 1E1B776525CD7CDE00F5F4EC /* QuotesView.swift */; };
		1E1B776825CD816900F5F4EC /* HeaderView.swift in Sources */ = {isa = PBXBuildFile; fileRef = 1E1B776725CD816900F5F4EC /* HeaderView.swift */; };
		1E1B776B25CD82BB00F5F4EC /* Quotes.swift in Sources */ = {isa = PBXBuildFile; fileRef = 1E1B776A25CD82BB00F5F4EC /* Quotes.swift */; };
		1E89266F25DEA22600E512D5 /* SettingsButtonView.swift in Sources */ = {isa = PBXBuildFile; fileRef = 1E89266E25DEA22600E512D5 /* SettingsButtonView.swift */; };
		1E89267125DEA23200E512D5 /* SettingsView.swift in Sources */ = {isa = PBXBuildFile; fileRef = 1E89267025DEA23200E512D5 /* SettingsView.swift */; };
		1E89267425DEB83F00E512D5 /* HeaderSectionView.swift in Sources */ = {isa = PBXBuildFile; fileRef = 1E89267325DEB83F00E512D5 /* HeaderSectionView.swift */; };
		1E89267625DEB89200E512D5 /* FooterView.swift in Sources */ = {isa = PBXBuildFile; fileRef = 1E89267525DEB89200E512D5 /* FooterView.swift */; };
		1E89267825DEB8C600E512D5 /* AchievementsSectionView.swift in Sources */ = {isa = PBXBuildFile; fileRef = 1E89267725DEB8C600E512D5 /* AchievementsSectionView.swift */; };
		1E99C2F525C98D9700F3DBE0 /* BackgroundView.swift in Sources */ = {isa = PBXBuildFile; fileRef = 1E99C2F425C98D9700F3DBE0 /* BackgroundView.swift */; };
		1E99C2F825C98EE100F3DBE0 /* Colors.swift in Sources */ = {isa = PBXBuildFile; fileRef = 1E99C2F725C98EE100F3DBE0 /* Colors.swift */; };
		1EAA83FA25D433CD00F359C0 /* SkyView.swift in Sources */ = {isa = PBXBuildFile; fileRef = 1EAA83F925D433CD00F359C0 /* SkyView.swift */; };
		1EAA83FD25D440C400F359C0 /* TimerViewModel.swift in Sources */ = {isa = PBXBuildFile; fileRef = 1EAA83FC25D440C400F359C0 /* TimerViewModel.swift */; };
		1EB0689E25A8510E00889248 /* ZafuApp.swift in Sources */ = {isa = PBXBuildFile; fileRef = 1EB0688B25A8510D00889248 /* ZafuApp.swift */; };
		1EB068A025A8510E00889248 /* ContentView.swift in Sources */ = {isa = PBXBuildFile; fileRef = 1EB0688C25A8510D00889248 /* ContentView.swift */; };
		1EB068A225A8510E00889248 /* Assets.xcassets in Resources */ = {isa = PBXBuildFile; fileRef = 1EB0688D25A8510E00889248 /* Assets.xcassets */; };
		1EB068B225A854E600889248 /* bell.wav in Resources */ = {isa = PBXBuildFile; fileRef = 1EB068B125A854E600889248 /* bell.wav */; };
		1EB068B825A8556100889248 /* AudioPlayer.swift in Sources */ = {isa = PBXBuildFile; fileRef = 1EB068B725A8556100889248 /* AudioPlayer.swift */; };
		1EB068C025A8580300889248 /* TimerView.swift in Sources */ = {isa = PBXBuildFile; fileRef = 1EB068BF25A8580300889248 /* TimerView.swift */; };
		1EDD9BF425D458A500805861 /* AVFoundation.framework in Frameworks */ = {isa = PBXBuildFile; fileRef = 1EDD9BF325D458A500805861 /* AVFoundation.framework */; };
/* End PBXBuildFile section */

/* Begin PBXFileReference section */
		1E1B776525CD7CDE00F5F4EC /* QuotesView.swift */ = {isa = PBXFileReference; lastKnownFileType = sourcecode.swift; path = QuotesView.swift; sourceTree = "<group>"; };
		1E1B776725CD816900F5F4EC /* HeaderView.swift */ = {isa = PBXFileReference; lastKnownFileType = sourcecode.swift; path = HeaderView.swift; sourceTree = "<group>"; };
		1E1B776A25CD82BB00F5F4EC /* Quotes.swift */ = {isa = PBXFileReference; lastKnownFileType = sourcecode.swift; path = Quotes.swift; sourceTree = "<group>"; };
		1E89266E25DEA22600E512D5 /* SettingsButtonView.swift */ = {isa = PBXFileReference; lastKnownFileType = sourcecode.swift; path = SettingsButtonView.swift; sourceTree = "<group>"; };
		1E89267025DEA23200E512D5 /* SettingsView.swift */ = {isa = PBXFileReference; lastKnownFileType = sourcecode.swift; path = SettingsView.swift; sourceTree = "<group>"; };
		1E89267325DEB83F00E512D5 /* HeaderSectionView.swift */ = {isa = PBXFileReference; lastKnownFileType = sourcecode.swift; path = HeaderSectionView.swift; sourceTree = "<group>"; };
		1E89267525DEB89200E512D5 /* FooterView.swift */ = {isa = PBXFileReference; lastKnownFileType = sourcecode.swift; path = FooterView.swift; sourceTree = "<group>"; };
		1E89267725DEB8C600E512D5 /* AchievementsSectionView.swift */ = {isa = PBXFileReference; lastKnownFileType = sourcecode.swift; path = AchievementsSectionView.swift; sourceTree = "<group>"; };
		1E99C2F425C98D9700F3DBE0 /* BackgroundView.swift */ = {isa = PBXFileReference; lastKnownFileType = sourcecode.swift; path = BackgroundView.swift; sourceTree = "<group>"; };
		1E99C2F725C98EE100F3DBE0 /* Colors.swift */ = {isa = PBXFileReference; lastKnownFileType = sourcecode.swift; path = Colors.swift; sourceTree = "<group>"; };
		1EAA83F925D433CD00F359C0 /* SkyView.swift */ = {isa = PBXFileReference; lastKnownFileType = sourcecode.swift; path = SkyView.swift; sourceTree = "<group>"; };
		1EAA83FC25D440C400F359C0 /* TimerViewModel.swift */ = {isa = PBXFileReference; lastKnownFileType = sourcecode.swift; path = TimerViewModel.swift; sourceTree = "<group>"; };
		1EB0688B25A8510D00889248 /* ZafuApp.swift */ = {isa = PBXFileReference; lastKnownFileType = sourcecode.swift; path = ZafuApp.swift; sourceTree = "<group>"; };
		1EB0688C25A8510D00889248 /* ContentView.swift */ = {isa = PBXFileReference; lastKnownFileType = sourcecode.swift; path = ContentView.swift; sourceTree = "<group>"; };
		1EB0688D25A8510E00889248 /* Assets.xcassets */ = {isa = PBXFileReference; lastKnownFileType = folder.assetcatalog; path = Assets.xcassets; sourceTree = "<group>"; };
		1EB0689225A8510E00889248 /* Zafu.app */ = {isa = PBXFileReference; explicitFileType = wrapper.application; includeInIndex = 0; path = Zafu.app; sourceTree = BUILT_PRODUCTS_DIR; };
		1EB0689525A8510E00889248 /* Info.plist */ = {isa = PBXFileReference; lastKnownFileType = text.plist.xml; path = Info.plist; sourceTree = "<group>"; };
		1EB0689C25A8510E00889248 /* Info.plist */ = {isa = PBXFileReference; lastKnownFileType = text.plist.xml; path = Info.plist; sourceTree = "<group>"; };
		1EB0689D25A8510E00889248 /* macOS.entitlements */ = {isa = PBXFileReference; lastKnownFileType = text.plist.entitlements; path = macOS.entitlements; sourceTree = "<group>"; };
		1EB068B125A854E600889248 /* bell.wav */ = {isa = PBXFileReference; lastKnownFileType = audio.wav; path = bell.wav; sourceTree = "<group>"; };
		1EB068B725A8556100889248 /* AudioPlayer.swift */ = {isa = PBXFileReference; lastKnownFileType = sourcecode.swift; path = AudioPlayer.swift; sourceTree = "<group>"; };
		1EB068BF25A8580300889248 /* TimerView.swift */ = {isa = PBXFileReference; lastKnownFileType = sourcecode.swift; path = TimerView.swift; sourceTree = "<group>"; };
		1EDD9BF325D458A500805861 /* AVFoundation.framework */ = {isa = PBXFileReference; lastKnownFileType = wrapper.framework; name = AVFoundation.framework; path = Platforms/iPhoneOS.platform/Developer/SDKs/iPhoneOS14.5.sdk/System/Library/Frameworks/AVFoundation.framework; sourceTree = DEVELOPER_DIR; };
/* End PBXFileReference section */

/* Begin PBXFrameworksBuildPhase section */
		1EB0688F25A8510E00889248 /* Frameworks */ = {
			isa = PBXFrameworksBuildPhase;
			buildActionMask = 2147483647;
			files = (
				1EDD9BF425D458A500805861 /* AVFoundation.framework in Frameworks */,
			);
			runOnlyForDeploymentPostprocessing = 0;
		};
/* End PBXFrameworksBuildPhase section */

/* Begin PBXGroup section */
		1E89267225DEB19100E512D5 /* Settings SubViews */ = {
			isa = PBXGroup;
			children = (
				1E89267325DEB83F00E512D5 /* HeaderSectionView.swift */,
				1E89267525DEB89200E512D5 /* FooterView.swift */,
				1E89267725DEB8C600E512D5 /* AchievementsSectionView.swift */,
			);
			path = "Settings SubViews";
			sourceTree = "<group>";
		};
		1E99C2F625C98ECF00F3DBE0 /* Extensions */ = {
			isa = PBXGroup;
			children = (
				1E99C2F725C98EE100F3DBE0 /* Colors.swift */,
			);
			path = Extensions;
			sourceTree = "<group>";
		};
		1EAA83FB25D4409F00F359C0 /* ViewModels */ = {
			isa = PBXGroup;
			children = (
				1EAA83FC25D440C400F359C0 /* TimerViewModel.swift */,
			);
			path = ViewModels;
			sourceTree = "<group>";
		};
		1EB0688525A8510D00889248 = {
			isa = PBXGroup;
			children = (
				1EB0688A25A8510D00889248 /* Shared */,
				1EB0689425A8510E00889248 /* iOS */,
				1EB0689B25A8510E00889248 /* macOS */,
				1EB0689325A8510E00889248 /* Products */,
				1EDD9BF225D458A500805861 /* Frameworks */,
			);
			sourceTree = "<group>";
		};
		1EB0688A25A8510D00889248 /* Shared */ = {
			isa = PBXGroup;
			children = (
				1EAA83FB25D4409F00F359C0 /* ViewModels */,
				1E99C2F625C98ECF00F3DBE0 /* Extensions */,
				1EB068BE25A857F900889248 /* Views */,
				1EB068B625A8555100889248 /* Utilities */,
				1EB068B025A854D200889248 /* Sounds */,
				1EB0688B25A8510D00889248 /* ZafuApp.swift */,
				1EB0688C25A8510D00889248 /* ContentView.swift */,
				1EB0688D25A8510E00889248 /* Assets.xcassets */,
			);
			path = Shared;
			sourceTree = "<group>";
		};
		1EB0689325A8510E00889248 /* Products */ = {
			isa = PBXGroup;
			children = (
				1EB0689225A8510E00889248 /* Zafu.app */,
			);
			name = Products;
			sourceTree = "<group>";
		};
		1EB0689425A8510E00889248 /* iOS */ = {
			isa = PBXGroup;
			children = (
				1EB0689525A8510E00889248 /* Info.plist */,
			);
			path = iOS;
			sourceTree = "<group>";
		};
		1EB0689B25A8510E00889248 /* macOS */ = {
			isa = PBXGroup;
			children = (
				1EB0689C25A8510E00889248 /* Info.plist */,
				1EB0689D25A8510E00889248 /* macOS.entitlements */,
			);
			path = macOS;
			sourceTree = "<group>";
		};
		1EB068B025A854D200889248 /* Sounds */ = {
			isa = PBXGroup;
			children = (
				1EB068B125A854E600889248 /* bell.wav */,
			);
			path = Sounds;
			sourceTree = "<group>";
		};
		1EB068B625A8555100889248 /* Utilities */ = {
			isa = PBXGroup;
			children = (
				1EB068B725A8556100889248 /* AudioPlayer.swift */,
				1E1B776A25CD82BB00F5F4EC /* Quotes.swift */,
			);
			path = Utilities;
			sourceTree = "<group>";
		};
		1EB068BE25A857F900889248 /* Views */ = {
			isa = PBXGroup;
			children = (
				1E89267225DEB19100E512D5 /* Settings SubViews */,
				1EB068BF25A8580300889248 /* TimerView.swift */,
				1E99C2F425C98D9700F3DBE0 /* BackgroundView.swift */,
				1E1B776525CD7CDE00F5F4EC /* QuotesView.swift */,
				1E1B776725CD816900F5F4EC /* HeaderView.swift */,
				1EAA83F925D433CD00F359C0 /* SkyView.swift */,
				1E89266E25DEA22600E512D5 /* SettingsButtonView.swift */,
				1E89267025DEA23200E512D5 /* SettingsView.swift */,
			);
			path = Views;
			sourceTree = "<group>";
		};
		1EDD9BF225D458A500805861 /* Frameworks */ = {
			isa = PBXGroup;
			children = (
				1EDD9BF325D458A500805861 /* AVFoundation.framework */,
			);
			name = Frameworks;
			sourceTree = "<group>";
		};
/* End PBXGroup section */

/* Begin PBXNativeTarget section */
		1EB0689125A8510E00889248 /* Zafu (iOS) */ = {
			isa = PBXNativeTarget;
			buildConfigurationList = 1EB068A625A8510E00889248 /* Build configuration list for PBXNativeTarget "Zafu (iOS)" */;
			buildPhases = (
				1EB0688E25A8510E00889248 /* Sources */,
				1EB0688F25A8510E00889248 /* Frameworks */,
				1EB0689025A8510E00889248 /* Resources */,
			);
			buildRules = (
			);
			dependencies = (
			);
			name = "Zafu (iOS)";
			productName = "Zafu (iOS)";
			productReference = 1EB0689225A8510E00889248 /* Zafu.app */;
			productType = "com.apple.product-type.application";
		};
/* End PBXNativeTarget section */

/* Begin PBXProject section */
		1EB0688625A8510D00889248 /* Project object */ = {
			isa = PBXProject;
			attributes = {
				LastSwiftUpdateCheck = 1230;
				LastUpgradeCheck = 1240;
				TargetAttributes = {
					1EB0689125A8510E00889248 = {
						CreatedOnToolsVersion = 12.3;
					};
				};
			};
			buildConfigurationList = 1EB0688925A8510D00889248 /* Build configuration list for PBXProject "Zafu" */;
			compatibilityVersion = "Xcode 12.0";
			developmentRegion = en;
			hasScannedForEncodings = 0;
			knownRegions = (
				en,
				Base,
			);
			mainGroup = 1EB0688525A8510D00889248;
			productRefGroup = 1EB0689325A8510E00889248 /* Products */;
			projectDirPath = "";
			projectRoot = "";
			targets = (
				1EB0689125A8510E00889248 /* Zafu (iOS) */,
			);
		};
/* End PBXProject section */

/* Begin PBXResourcesBuildPhase section */
		1EB0689025A8510E00889248 /* Resources */ = {
			isa = PBXResourcesBuildPhase;
			buildActionMask = 2147483647;
			files = (
				1EB068A225A8510E00889248 /* Assets.xcassets in Resources */,
				1EB068B225A854E600889248 /* bell.wav in Resources */,
			);
			runOnlyForDeploymentPostprocessing = 0;
		};
/* End PBXResourcesBuildPhase section */

/* Begin PBXSourcesBuildPhase section */
		1EB0688E25A8510E00889248 /* Sources */ = {
			isa = PBXSourcesBuildPhase;
			buildActionMask = 2147483647;
			files = (
				1EAA83FA25D433CD00F359C0 /* SkyView.swift in Sources */,
				1E99C2F525C98D9700F3DBE0 /* BackgroundView.swift in Sources */,
				1E99C2F825C98EE100F3DBE0 /* Colors.swift in Sources */,
				1E89267625DEB89200E512D5 /* FooterView.swift in Sources */,
				1E89267825DEB8C600E512D5 /* AchievementsSectionView.swift in Sources */,
				1EB068A025A8510E00889248 /* ContentView.swift in Sources */,
				1EB0689E25A8510E00889248 /* ZafuApp.swift in Sources */,
				1EB068C025A8580300889248 /* TimerView.swift in Sources */,
				1E1B776625CD7CDE00F5F4EC /* QuotesView.swift in Sources */,
				1E89267425DEB83F00E512D5 /* HeaderSectionView.swift in Sources */,
				1E89266F25DEA22600E512D5 /* SettingsButtonView.swift in Sources */,
				1EB068B825A8556100889248 /* AudioPlayer.swift in Sources */,
				1EAA83FD25D440C400F359C0 /* TimerViewModel.swift in Sources */,
				1E1B776825CD816900F5F4EC /* HeaderView.swift in Sources */,
				1E1B776B25CD82BB00F5F4EC /* Quotes.swift in Sources */,
				1E89267125DEA23200E512D5 /* SettingsView.swift in Sources */,
			);
			runOnlyForDeploymentPostprocessing = 0;
		};
/* End PBXSourcesBuildPhase section */

/* Begin XCBuildConfiguration section */
		1EB068A425A8510E00889248 /* Debug */ = {
			isa = XCBuildConfiguration;
			buildSettings = {
				ALWAYS_SEARCH_USER_PATHS = NO;
				CLANG_ANALYZER_NONNULL = YES;
				CLANG_ANALYZER_NUMBER_OBJECT_CONVERSION = YES_AGGRESSIVE;
				CLANG_CXX_LANGUAGE_STANDARD = "gnu++14";
				CLANG_CXX_LIBRARY = "libc++";
				CLANG_ENABLE_MODULES = YES;
				CLANG_ENABLE_OBJC_ARC = YES;
				CLANG_ENABLE_OBJC_WEAK = YES;
				CLANG_WARN_BLOCK_CAPTURE_AUTORELEASING = YES;
				CLANG_WARN_BOOL_CONVERSION = YES;
				CLANG_WARN_COMMA = YES;
				CLANG_WARN_CONSTANT_CONVERSION = YES;
				CLANG_WARN_DEPRECATED_OBJC_IMPLEMENTATIONS = YES;
				CLANG_WARN_DIRECT_OBJC_ISA_USAGE = YES_ERROR;
				CLANG_WARN_DOCUMENTATION_COMMENTS = YES;
				CLANG_WARN_EMPTY_BODY = YES;
				CLANG_WARN_ENUM_CONVERSION = YES;
				CLANG_WARN_INFINITE_RECURSION = YES;
				CLANG_WARN_INT_CONVERSION = YES;
				CLANG_WARN_NON_LITERAL_NULL_CONVERSION = YES;
				CLANG_WARN_OBJC_IMPLICIT_RETAIN_SELF = YES;
				CLANG_WARN_OBJC_LITERAL_CONVERSION = YES;
				CLANG_WARN_OBJC_ROOT_CLASS = YES_ERROR;
				CLANG_WARN_QUOTED_INCLUDE_IN_FRAMEWORK_HEADER = YES;
				CLANG_WARN_RANGE_LOOP_ANALYSIS = YES;
				CLANG_WARN_STRICT_PROTOTYPES = YES;
				CLANG_WARN_SUSPICIOUS_MOVE = YES;
				CLANG_WARN_UNGUARDED_AVAILABILITY = YES_AGGRESSIVE;
				CLANG_WARN_UNREACHABLE_CODE = YES;
				CLANG_WARN__DUPLICATE_METHOD_MATCH = YES;
				COPY_PHASE_STRIP = NO;
				DEBUG_INFORMATION_FORMAT = dwarf;
				ENABLE_STRICT_OBJC_MSGSEND = YES;
				ENABLE_TESTABILITY = YES;
				GCC_C_LANGUAGE_STANDARD = gnu11;
				GCC_DYNAMIC_NO_PIC = NO;
				GCC_NO_COMMON_BLOCKS = YES;
				GCC_OPTIMIZATION_LEVEL = 0;
				GCC_PREPROCESSOR_DEFINITIONS = (
					"DEBUG=1",
					"$(inherited)",
				);
				GCC_WARN_64_TO_32_BIT_CONVERSION = YES;
				GCC_WARN_ABOUT_RETURN_TYPE = YES_ERROR;
				GCC_WARN_UNDECLARED_SELECTOR = YES;
				GCC_WARN_UNINITIALIZED_AUTOS = YES_AGGRESSIVE;
				GCC_WARN_UNUSED_FUNCTION = YES;
				GCC_WARN_UNUSED_VARIABLE = YES;
				IPHONEOS_DEPLOYMENT_TARGET = 14.1;
				MTL_ENABLE_DEBUG_INFO = INCLUDE_SOURCE;
				MTL_FAST_MATH = YES;
				ONLY_ACTIVE_ARCH = YES;
				SWIFT_ACTIVE_COMPILATION_CONDITIONS = DEBUG;
				SWIFT_OPTIMIZATION_LEVEL = "-Onone";
			};
			name = Debug;
		};
		1EB068A525A8510E00889248 /* Release */ = {
			isa = XCBuildConfiguration;
			buildSettings = {
				ALWAYS_SEARCH_USER_PATHS = NO;
				CLANG_ANALYZER_NONNULL = YES;
				CLANG_ANALYZER_NUMBER_OBJECT_CONVERSION = YES_AGGRESSIVE;
				CLANG_CXX_LANGUAGE_STANDARD = "gnu++14";
				CLANG_CXX_LIBRARY = "libc++";
				CLANG_ENABLE_MODULES = YES;
				CLANG_ENABLE_OBJC_ARC = YES;
				CLANG_ENABLE_OBJC_WEAK = YES;
				CLANG_WARN_BLOCK_CAPTURE_AUTORELEASING = YES;
				CLANG_WARN_BOOL_CONVERSION = YES;
				CLANG_WARN_COMMA = YES;
				CLANG_WARN_CONSTANT_CONVERSION = YES;
				CLANG_WARN_DEPRECATED_OBJC_IMPLEMENTATIONS = YES;
				CLANG_WARN_DIRECT_OBJC_ISA_USAGE = YES_ERROR;
				CLANG_WARN_DOCUMENTATION_COMMENTS = YES;
				CLANG_WARN_EMPTY_BODY = YES;
				CLANG_WARN_ENUM_CONVERSION = YES;
				CLANG_WARN_INFINITE_RECURSION = YES;
				CLANG_WARN_INT_CONVERSION = YES;
				CLANG_WARN_NON_LITERAL_NULL_CONVERSION = YES;
				CLANG_WARN_OBJC_IMPLICIT_RETAIN_SELF = YES;
				CLANG_WARN_OBJC_LITERAL_CONVERSION = YES;
				CLANG_WARN_OBJC_ROOT_CLASS = YES_ERROR;
				CLANG_WARN_QUOTED_INCLUDE_IN_FRAMEWORK_HEADER = YES;
				CLANG_WARN_RANGE_LOOP_ANALYSIS = YES;
				CLANG_WARN_STRICT_PROTOTYPES = YES;
				CLANG_WARN_SUSPICIOUS_MOVE = YES;
				CLANG_WARN_UNGUARDED_AVAILABILITY = YES_AGGRESSIVE;
				CLANG_WARN_UNREACHABLE_CODE = YES;
				CLANG_WARN__DUPLICATE_METHOD_MATCH = YES;
				COPY_PHASE_STRIP = NO;
				DEBUG_INFORMATION_FORMAT = "dwarf-with-dsym";
				ENABLE_NS_ASSERTIONS = NO;
				ENABLE_STRICT_OBJC_MSGSEND = YES;
				GCC_C_LANGUAGE_STANDARD = gnu11;
				GCC_NO_COMMON_BLOCKS = YES;
				GCC_WARN_64_TO_32_BIT_CONVERSION = YES;
				GCC_WARN_ABOUT_RETURN_TYPE = YES_ERROR;
				GCC_WARN_UNDECLARED_SELECTOR = YES;
				GCC_WARN_UNINITIALIZED_AUTOS = YES_AGGRESSIVE;
				GCC_WARN_UNUSED_FUNCTION = YES;
				GCC_WARN_UNUSED_VARIABLE = YES;
				IPHONEOS_DEPLOYMENT_TARGET = 14.1;
				MTL_ENABLE_DEBUG_INFO = NO;
				MTL_FAST_MATH = YES;
				SWIFT_COMPILATION_MODE = wholemodule;
				SWIFT_OPTIMIZATION_LEVEL = "-O";
			};
			name = Release;
		};
		1EB068A725A8510E00889248 /* Debug */ = {
			isa = XCBuildConfiguration;
			buildSettings = {
				ASSETCATALOG_COMPILER_APPICON_NAME = AppIcon;
				ASSETCATALOG_COMPILER_GLOBAL_ACCENT_COLOR_NAME = AccentColor;
				CODE_SIGN_STYLE = Automatic;
				DEVELOPMENT_TEAM = PNJ2ZGDY4C;
				ENABLE_PREVIEWS = YES;
				INFOPLIST_FILE = iOS/Info.plist;
				IPHONEOS_DEPLOYMENT_TARGET = 14.0;
				LD_RUNPATH_SEARCH_PATHS = (
					"$(inherited)",
					"@executable_path/Frameworks",
				);
				PRODUCT_BUNDLE_IDENTIFIER = com.jeremieberduck.zafu.Zafu;
				PRODUCT_NAME = Zafu;
				SDKROOT = iphoneos;
				SWIFT_VERSION = 5.0;
				TARGETED_DEVICE_FAMILY = 1;
			};
			name = Debug;
		};
		1EB068A825A8510E00889248 /* Release */ = {
			isa = XCBuildConfiguration;
			buildSettings = {
				ASSETCATALOG_COMPILER_APPICON_NAME = AppIcon;
				ASSETCATALOG_COMPILER_GLOBAL_ACCENT_COLOR_NAME = AccentColor;
				CODE_SIGN_STYLE = Automatic;
				DEVELOPMENT_TEAM = PNJ2ZGDY4C;
				ENABLE_PREVIEWS = YES;
				INFOPLIST_FILE = iOS/Info.plist;
				IPHONEOS_DEPLOYMENT_TARGET = 14.0;
				LD_RUNPATH_SEARCH_PATHS = (
					"$(inherited)",
					"@executable_path/Frameworks",
				);
				PRODUCT_BUNDLE_IDENTIFIER = com.jeremieberduck.zafu.Zafu;
				PRODUCT_NAME = Zafu;
				SDKROOT = iphoneos;
				SWIFT_VERSION = 5.0;
				TARGETED_DEVICE_FAMILY = 1;
				VALIDATE_PRODUCT = YES;
			};
			name = Release;
		};
/* End XCBuildConfiguration section */

/* Begin XCConfigurationList section */
		1EB0688925A8510D00889248 /* Build configuration list for PBXProject "Zafu" */ = {
			isa = XCConfigurationList;
			buildConfigurations = (
				1EB068A425A8510E00889248 /* Debug */,
				1EB068A525A8510E00889248 /* Release */,
			);
			defaultConfigurationIsVisible = 0;
			defaultConfigurationName = Release;
		};
		1EB068A625A8510E00889248 /* Build configuration list for PBXNativeTarget "Zafu (iOS)" */ = {
			isa = XCConfigurationList;
			buildConfigurations = (
				1EB068A725A8510E00889248 /* Debug */,
				1EB068A825A8510E00889248 /* Release */,
			);
			defaultConfigurationIsVisible = 0;
			defaultConfigurationName = Release;
		};
/* End XCConfigurationList section */
	};
	rootObject = 1EB0688625A8510D00889248 /* Project object */;
}
