// !$*UTF8*$!
{
	archiveVersion = 1;
	classes = {
	};
	objectVersion = 50;
	objects = {

/* Begin PBXBuildFile section */
		1E03EDFC264D5D660069E5AC /* DebugView.swift in Sources */ = {isa = PBXBuildFile; fileRef = 1E03EDFB264D5D660069E5AC /* DebugView.swift */; };
		1E03EDFE264D62C60069E5AC /* BackgroundView.swift in Sources */ = {isa = PBXBuildFile; fileRef = 1E03EDFD264D62C60069E5AC /* BackgroundView.swift */; };
		1E03EE01264D6D060069E5AC /* Colors.swift in Sources */ = {isa = PBXBuildFile; fileRef = 1E03EE00264D6D060069E5AC /* Colors.swift */; };
		1E03EE04264D73B40069E5AC /* AnimationProvider.swift in Sources */ = {isa = PBXBuildFile; fileRef = 1E03EE03264D73B40069E5AC /* AnimationProvider.swift */; };
		1E2DE5CF2650E96A003593B2 /* DisableModalDismiss.swift in Sources */ = {isa = PBXBuildFile; fileRef = 1E2DE5CE2650E96A003593B2 /* DisableModalDismiss.swift */; };
		1E2DE5D1265141B3003593B2 /* LargeSessionCellView.swift in Sources */ = {isa = PBXBuildFile; fileRef = 1E2DE5D0265141B3003593B2 /* LargeSessionCellView.swift */; };
		1E2DE5D3265145E0003593B2 /* RootView.swift in Sources */ = {isa = PBXBuildFile; fileRef = 1E2DE5D2265145E0003593B2 /* RootView.swift */; };
		1E2DE5D52651464C003593B2 /* MeditationView.swift in Sources */ = {isa = PBXBuildFile; fileRef = 1E2DE5D42651464C003593B2 /* MeditationView.swift */; };
		1E2DE5D726514659003593B2 /* SessionsView.swift in Sources */ = {isa = PBXBuildFile; fileRef = 1E2DE5D626514659003593B2 /* SessionsView.swift */; };
		1EAAE746265001680002FAE3 /* SmallSessionCellView.swift in Sources */ = {isa = PBXBuildFile; fileRef = 1EAAE745265001680002FAE3 /* SmallSessionCellView.swift */; };
		1EAAE74926500BC30002FAE3 /* Sessions.swift in Sources */ = {isa = PBXBuildFile; fileRef = 1EAAE74826500BC30002FAE3 /* Sessions.swift */; };
		1EAAE74B26500C1F0002FAE3 /* SectionHeaderView.swift in Sources */ = {isa = PBXBuildFile; fileRef = 1EAAE74A26500C1F0002FAE3 /* SectionHeaderView.swift */; };
		1EAD40E32657D6700061DBF7 /* AudioPlayer.swift in Sources */ = {isa = PBXBuildFile; fileRef = 1EAD40E22657D6700061DBF7 /* AudioPlayer.swift */; };
		1EB3D9E2264D52EE00F13B3B /* ZafuApp.swift in Sources */ = {isa = PBXBuildFile; fileRef = 1EB3D9CF264D52ED00F13B3B /* ZafuApp.swift */; };
		1EB3D9E4264D52EE00F13B3B /* MainView.swift in Sources */ = {isa = PBXBuildFile; fileRef = 1EB3D9D0264D52ED00F13B3B /* MainView.swift */; };
		1EB3D9E6264D52EE00F13B3B /* Assets.xcassets in Resources */ = {isa = PBXBuildFile; fileRef = 1EB3D9D1264D52EE00F13B3B /* Assets.xcassets */; };
		1EB4A7942659623100B7D3BD /* StatsMainView.swift in Sources */ = {isa = PBXBuildFile; fileRef = 1EB4A7932659623100B7D3BD /* StatsMainView.swift */; };
		1EC37662264E754300E716B9 /* NavigationBarColor.swift in Sources */ = {isa = PBXBuildFile; fileRef = 1EC37661264E754300E716B9 /* NavigationBarColor.swift */; };
		1EC79183264E47A100DBE82D /* BackgroundDefaultView.swift in Sources */ = {isa = PBXBuildFile; fileRef = 1EC79182264E47A100DBE82D /* BackgroundDefaultView.swift */; };
		1EC79185264E487C00DBE82D /* SettingsView.swift in Sources */ = {isa = PBXBuildFile; fileRef = 1EC79184264E487C00DBE82D /* SettingsView.swift */; };
		1EE48E78264DB9B500E17A3B /* HeaderMainView.swift in Sources */ = {isa = PBXBuildFile; fileRef = 1EE48E77264DB9B500E17A3B /* HeaderMainView.swift */; };
		1EFDEC37264D80870001EF44 /* MotionProvider.swift in Sources */ = {isa = PBXBuildFile; fileRef = 1EFDEC36264D80870001EF44 /* MotionProvider.swift */; };
/* End PBXBuildFile section */

/* Begin PBXFileReference section */
		1E03EDFB264D5D660069E5AC /* DebugView.swift */ = {isa = PBXFileReference; lastKnownFileType = sourcecode.swift; path = DebugView.swift; sourceTree = "<group>"; };
		1E03EDFD264D62C60069E5AC /* BackgroundView.swift */ = {isa = PBXFileReference; lastKnownFileType = sourcecode.swift; path = BackgroundView.swift; sourceTree = "<group>"; };
		1E03EE00264D6D060069E5AC /* Colors.swift */ = {isa = PBXFileReference; lastKnownFileType = sourcecode.swift; path = Colors.swift; sourceTree = "<group>"; };
		1E03EE03264D73B40069E5AC /* AnimationProvider.swift */ = {isa = PBXFileReference; lastKnownFileType = sourcecode.swift; path = AnimationProvider.swift; sourceTree = "<group>"; };
		1E2DE5CE2650E96A003593B2 /* DisableModalDismiss.swift */ = {isa = PBXFileReference; lastKnownFileType = sourcecode.swift; path = DisableModalDismiss.swift; sourceTree = "<group>"; };
		1E2DE5D0265141B3003593B2 /* LargeSessionCellView.swift */ = {isa = PBXFileReference; lastKnownFileType = sourcecode.swift; path = LargeSessionCellView.swift; sourceTree = "<group>"; };
		1E2DE5D2265145E0003593B2 /* RootView.swift */ = {isa = PBXFileReference; lastKnownFileType = sourcecode.swift; path = RootView.swift; sourceTree = "<group>"; };
		1E2DE5D42651464C003593B2 /* MeditationView.swift */ = {isa = PBXFileReference; lastKnownFileType = sourcecode.swift; path = MeditationView.swift; sourceTree = "<group>"; };
		1E2DE5D626514659003593B2 /* SessionsView.swift */ = {isa = PBXFileReference; lastKnownFileType = sourcecode.swift; path = SessionsView.swift; sourceTree = "<group>"; };
		1EAAE745265001680002FAE3 /* SmallSessionCellView.swift */ = {isa = PBXFileReference; lastKnownFileType = sourcecode.swift; path = SmallSessionCellView.swift; sourceTree = "<group>"; };
		1EAAE74826500BC30002FAE3 /* Sessions.swift */ = {isa = PBXFileReference; lastKnownFileType = sourcecode.swift; path = Sessions.swift; sourceTree = "<group>"; };
		1EAAE74A26500C1F0002FAE3 /* SectionHeaderView.swift */ = {isa = PBXFileReference; lastKnownFileType = sourcecode.swift; path = SectionHeaderView.swift; sourceTree = "<group>"; };
		1EAD40E22657D6700061DBF7 /* AudioPlayer.swift */ = {isa = PBXFileReference; lastKnownFileType = sourcecode.swift; path = AudioPlayer.swift; sourceTree = "<group>"; };
		1EB3D9CF264D52ED00F13B3B /* ZafuApp.swift */ = {isa = PBXFileReference; lastKnownFileType = sourcecode.swift; path = ZafuApp.swift; sourceTree = "<group>"; };
		1EB3D9D0264D52ED00F13B3B /* MainView.swift */ = {isa = PBXFileReference; lastKnownFileType = sourcecode.swift; path = MainView.swift; sourceTree = "<group>"; };
		1EB3D9D1264D52EE00F13B3B /* Assets.xcassets */ = {isa = PBXFileReference; lastKnownFileType = folder.assetcatalog; name = Assets.xcassets; path = Shared/Assets.xcassets; sourceTree = SOURCE_ROOT; };
		1EB3D9D6264D52EE00F13B3B /* Zafu.app */ = {isa = PBXFileReference; explicitFileType = wrapper.application; includeInIndex = 0; path = Zafu.app; sourceTree = BUILT_PRODUCTS_DIR; };
		1EB3D9D9264D52EE00F13B3B /* Info.plist */ = {isa = PBXFileReference; lastKnownFileType = text.plist.xml; path = Info.plist; sourceTree = "<group>"; };
		1EB4A7932659623100B7D3BD /* StatsMainView.swift */ = {isa = PBXFileReference; lastKnownFileType = sourcecode.swift; path = StatsMainView.swift; sourceTree = "<group>"; };
		1EC37661264E754300E716B9 /* NavigationBarColor.swift */ = {isa = PBXFileReference; lastKnownFileType = sourcecode.swift; path = NavigationBarColor.swift; sourceTree = "<group>"; };
		1EC79182264E47A100DBE82D /* BackgroundDefaultView.swift */ = {isa = PBXFileReference; lastKnownFileType = sourcecode.swift; path = BackgroundDefaultView.swift; sourceTree = "<group>"; };
		1EC79184264E487C00DBE82D /* SettingsView.swift */ = {isa = PBXFileReference; lastKnownFileType = sourcecode.swift; path = SettingsView.swift; sourceTree = "<group>"; };
		1EE48E77264DB9B500E17A3B /* HeaderMainView.swift */ = {isa = PBXFileReference; lastKnownFileType = sourcecode.swift; path = HeaderMainView.swift; sourceTree = "<group>"; };
		1EFDEC36264D80870001EF44 /* MotionProvider.swift */ = {isa = PBXFileReference; lastKnownFileType = sourcecode.swift; path = MotionProvider.swift; sourceTree = "<group>"; };
/* End PBXFileReference section */

/* Begin PBXFrameworksBuildPhase section */
		1EB3D9D3264D52EE00F13B3B /* Frameworks */ = {
			isa = PBXFrameworksBuildPhase;
			buildActionMask = 2147483647;
			files = (
			);
			runOnlyForDeploymentPostprocessing = 0;
		};
/* End PBXFrameworksBuildPhase section */

/* Begin PBXGroup section */
		1E03EDFA264D5D510069E5AC /* Views */ = {
			isa = PBXGroup;
			children = (
				1EC79182264E47A100DBE82D /* BackgroundDefaultView.swift */,
				1EAAE745265001680002FAE3 /* SmallSessionCellView.swift */,
				1E2DE5D0265141B3003593B2 /* LargeSessionCellView.swift */,
				1EE48E77264DB9B500E17A3B /* HeaderMainView.swift */,
				1EAAE74A26500C1F0002FAE3 /* SectionHeaderView.swift */,
				1EC79184264E487C00DBE82D /* SettingsView.swift */,
				1E03EDFD264D62C60069E5AC /* BackgroundView.swift */,
				1E03EDFB264D5D660069E5AC /* DebugView.swift */,
				1EB4A7932659623100B7D3BD /* StatsMainView.swift */,
			);
			path = Views;
			sourceTree = "<group>";
		};
		1E03EDFF264D6CFB0069E5AC /* Extensions */ = {
			isa = PBXGroup;
			children = (
				1E03EE00264D6D060069E5AC /* Colors.swift */,
				1EC37661264E754300E716B9 /* NavigationBarColor.swift */,
				1E2DE5CE2650E96A003593B2 /* DisableModalDismiss.swift */,
			);
			path = Extensions;
			sourceTree = "<group>";
		};
		1E03EE02264D73A40069E5AC /* Provider */ = {
			isa = PBXGroup;
			children = (
				1E03EE03264D73B40069E5AC /* AnimationProvider.swift */,
				1EFDEC36264D80870001EF44 /* MotionProvider.swift */,
			);
			path = Provider;
			sourceTree = "<group>";
		};
		1EAAE74726500BB10002FAE3 /* Models */ = {
			isa = PBXGroup;
			children = (
				1EAAE74826500BC30002FAE3 /* Sessions.swift */,
			);
			path = Models;
			sourceTree = "<group>";
		};
		1EAD40E12657D65E0061DBF7 /* Helpers */ = {
			isa = PBXGroup;
			children = (
				1EAD40E22657D6700061DBF7 /* AudioPlayer.swift */,
			);
			path = Helpers;
			sourceTree = "<group>";
		};
		1EAD40E42657D6D10061DBF7 /* Sounds */ = {
			isa = PBXGroup;
			children = (
			);
			path = Sounds;
			sourceTree = "<group>";
		};
		1EB3D9C9264D52ED00F13B3B = {
			isa = PBXGroup;
			children = (
				1EB3D9CE264D52ED00F13B3B /* Shared */,
				1EB3D9D8264D52EE00F13B3B /* iOS */,
				1EB3D9D7264D52EE00F13B3B /* Products */,
			);
			sourceTree = "<group>";
		};
		1EB3D9CE264D52ED00F13B3B /* Shared */ = {
			isa = PBXGroup;
			children = (
				1EAD40E42657D6D10061DBF7 /* Sounds */,
				1EAD40E12657D65E0061DBF7 /* Helpers */,
				1EAAE74726500BB10002FAE3 /* Models */,
				1E03EE02264D73A40069E5AC /* Provider */,
				1E03EDFF264D6CFB0069E5AC /* Extensions */,
				1E03EDFA264D5D510069E5AC /* Views */,
				1EB3D9CF264D52ED00F13B3B /* ZafuApp.swift */,
				1EB3D9D0264D52ED00F13B3B /* MainView.swift */,
				1E2DE5D2265145E0003593B2 /* RootView.swift */,
				1E2DE5D42651464C003593B2 /* MeditationView.swift */,
				1E2DE5D626514659003593B2 /* SessionsView.swift */,
				1EB3D9D1264D52EE00F13B3B /* Assets.xcassets */,
			);
			path = Shared;
			sourceTree = "<group>";
		};
		1EB3D9D7264D52EE00F13B3B /* Products */ = {
			isa = PBXGroup;
			children = (
				1EB3D9D6264D52EE00F13B3B /* Zafu.app */,
			);
			name = Products;
			sourceTree = "<group>";
		};
		1EB3D9D8264D52EE00F13B3B /* iOS */ = {
			isa = PBXGroup;
			children = (
				1EB3D9D9264D52EE00F13B3B /* Info.plist */,
			);
			path = iOS;
			sourceTree = "<group>";
		};
/* End PBXGroup section */

/* Begin PBXNativeTarget section */
		1EB3D9D5264D52EE00F13B3B /* Zafu (iOS) */ = {
			isa = PBXNativeTarget;
			buildConfigurationList = 1EB3D9EA264D52EE00F13B3B /* Build configuration list for PBXNativeTarget "Zafu (iOS)" */;
			buildPhases = (
				1EB3D9D2264D52EE00F13B3B /* Sources */,
				1EB3D9D3264D52EE00F13B3B /* Frameworks */,
				1EB3D9D4264D52EE00F13B3B /* Resources */,
			);
			buildRules = (
			);
			dependencies = (
			);
			name = "Zafu (iOS)";
			productName = "Zafu (iOS)";
			productReference = 1EB3D9D6264D52EE00F13B3B /* Zafu.app */;
			productType = "com.apple.product-type.application";
		};
/* End PBXNativeTarget section */

/* Begin PBXProject section */
		1EB3D9CA264D52ED00F13B3B /* Project object */ = {
			isa = PBXProject;
			attributes = {
				LastSwiftUpdateCheck = 1250;
				LastUpgradeCheck = 1250;
				TargetAttributes = {
					1EB3D9D5264D52EE00F13B3B = {
						CreatedOnToolsVersion = 12.5;
					};
				};
			};
			buildConfigurationList = 1EB3D9CD264D52ED00F13B3B /* Build configuration list for PBXProject "Zafu" */;
			compatibilityVersion = "Xcode 9.3";
			developmentRegion = en;
			hasScannedForEncodings = 0;
			knownRegions = (
				en,
				Base,
			);
			mainGroup = 1EB3D9C9264D52ED00F13B3B;
			productRefGroup = 1EB3D9D7264D52EE00F13B3B /* Products */;
			projectDirPath = "";
			projectRoot = "";
			targets = (
				1EB3D9D5264D52EE00F13B3B /* Zafu (iOS) */,
			);
		};
/* End PBXProject section */

/* Begin PBXResourcesBuildPhase section */
		1EB3D9D4264D52EE00F13B3B /* Resources */ = {
			isa = PBXResourcesBuildPhase;
			buildActionMask = 2147483647;
			files = (
				1EB3D9E6264D52EE00F13B3B /* Assets.xcassets in Resources */,
			);
			runOnlyForDeploymentPostprocessing = 0;
		};
/* End PBXResourcesBuildPhase section */

/* Begin PBXSourcesBuildPhase section */
		1EB3D9D2264D52EE00F13B3B /* Sources */ = {
			isa = PBXSourcesBuildPhase;
			buildActionMask = 2147483647;
			files = (
				1EB4A7942659623100B7D3BD /* StatsMainView.swift in Sources */,
				1EE48E78264DB9B500E17A3B /* HeaderMainView.swift in Sources */,
				1EC79183264E47A100DBE82D /* BackgroundDefaultView.swift in Sources */,
				1EFDEC37264D80870001EF44 /* MotionProvider.swift in Sources */,
				1E2DE5D3265145E0003593B2 /* RootView.swift in Sources */,
				1E03EDFC264D5D660069E5AC /* DebugView.swift in Sources */,
				1E2DE5D726514659003593B2 /* SessionsView.swift in Sources */,
				1EAAE74926500BC30002FAE3 /* Sessions.swift in Sources */,
				1EAD40E32657D6700061DBF7 /* AudioPlayer.swift in Sources */,
				1E03EE01264D6D060069E5AC /* Colors.swift in Sources */,
				1EC79185264E487C00DBE82D /* SettingsView.swift in Sources */,
				1EB3D9E4264D52EE00F13B3B /* MainView.swift in Sources */,
				1E03EDFE264D62C60069E5AC /* BackgroundView.swift in Sources */,
				1EAAE746265001680002FAE3 /* SmallSessionCellView.swift in Sources */,
				1EC37662264E754300E716B9 /* NavigationBarColor.swift in Sources */,
				1EAAE74B26500C1F0002FAE3 /* SectionHeaderView.swift in Sources */,
				1EB3D9E2264D52EE00F13B3B /* ZafuApp.swift in Sources */,
				1E2DE5D1265141B3003593B2 /* LargeSessionCellView.swift in Sources */,
				1E2DE5CF2650E96A003593B2 /* DisableModalDismiss.swift in Sources */,
				1E2DE5D52651464C003593B2 /* MeditationView.swift in Sources */,
				1E03EE04264D73B40069E5AC /* AnimationProvider.swift in Sources */,
			);
			runOnlyForDeploymentPostprocessing = 0;
		};
/* End PBXSourcesBuildPhase section */

/* Begin XCBuildConfiguration section */
		1EB3D9E8264D52EE00F13B3B /* Debug */ = {
			isa = XCBuildConfiguration;
			buildSettings = {
				ALWAYS_SEARCH_USER_PATHS = NO;
				CLANG_ANALYZER_NONNULL = YES;
				CLANG_ANALYZER_NUMBER_OBJECT_CONVERSION = YES_AGGRESSIVE;
				CLANG_CXX_LANGUAGE_STANDARD = "gnu++14";
				CLANG_CXX_LIBRARY = "libc++";
				CLANG_ENABLE_MODULES = YES;
				CLANG_ENABLE_OBJC_ARC = YES;
				CLANG_ENABLE_OBJC_WEAK = YES;
				CLANG_WARN_BLOCK_CAPTURE_AUTORELEASING = YES;
				CLANG_WARN_BOOL_CONVERSION = YES;
				CLANG_WARN_COMMA = YES;
				CLANG_WARN_CONSTANT_CONVERSION = YES;
				CLANG_WARN_DEPRECATED_OBJC_IMPLEMENTATIONS = YES;
				CLANG_WARN_DIRECT_OBJC_ISA_USAGE = YES_ERROR;
				CLANG_WARN_DOCUMENTATION_COMMENTS = YES;
				CLANG_WARN_EMPTY_BODY = YES;
				CLANG_WARN_ENUM_CONVERSION = YES;
				CLANG_WARN_INFINITE_RECURSION = YES;
				CLANG_WARN_INT_CONVERSION = YES;
				CLANG_WARN_NON_LITERAL_NULL_CONVERSION = YES;
				CLANG_WARN_OBJC_IMPLICIT_RETAIN_SELF = YES;
				CLANG_WARN_OBJC_LITERAL_CONVERSION = YES;
				CLANG_WARN_OBJC_ROOT_CLASS = YES_ERROR;
				CLANG_WARN_QUOTED_INCLUDE_IN_FRAMEWORK_HEADER = YES;
				CLANG_WARN_RANGE_LOOP_ANALYSIS = YES;
				CLANG_WARN_STRICT_PROTOTYPES = YES;
				CLANG_WARN_SUSPICIOUS_MOVE = YES;
				CLANG_WARN_UNGUARDED_AVAILABILITY = YES_AGGRESSIVE;
				CLANG_WARN_UNREACHABLE_CODE = YES;
				CLANG_WARN__DUPLICATE_METHOD_MATCH = YES;
				COPY_PHASE_STRIP = NO;
				DEBUG_INFORMATION_FORMAT = dwarf;
				ENABLE_STRICT_OBJC_MSGSEND = YES;
				ENABLE_TESTABILITY = YES;
				GCC_C_LANGUAGE_STANDARD = gnu11;
				GCC_DYNAMIC_NO_PIC = NO;
				GCC_NO_COMMON_BLOCKS = YES;
				GCC_OPTIMIZATION_LEVEL = 0;
				GCC_PREPROCESSOR_DEFINITIONS = (
					"DEBUG=1",
					"$(inherited)",
				);
				GCC_WARN_64_TO_32_BIT_CONVERSION = YES;
				GCC_WARN_ABOUT_RETURN_TYPE = YES_ERROR;
				GCC_WARN_UNDECLARED_SELECTOR = YES;
				GCC_WARN_UNINITIALIZED_AUTOS = YES_AGGRESSIVE;
				GCC_WARN_UNUSED_FUNCTION = YES;
				GCC_WARN_UNUSED_VARIABLE = YES;
				MTL_ENABLE_DEBUG_INFO = INCLUDE_SOURCE;
				MTL_FAST_MATH = YES;
				ONLY_ACTIVE_ARCH = YES;
				SWIFT_ACTIVE_COMPILATION_CONDITIONS = DEBUG;
				SWIFT_OPTIMIZATION_LEVEL = "-Onone";
			};
			name = Debug;
		};
		1EB3D9E9264D52EE00F13B3B /* Release */ = {
			isa = XCBuildConfiguration;
			buildSettings = {
				ALWAYS_SEARCH_USER_PATHS = NO;
				CLANG_ANALYZER_NONNULL = YES;
				CLANG_ANALYZER_NUMBER_OBJECT_CONVERSION = YES_AGGRESSIVE;
				CLANG_CXX_LANGUAGE_STANDARD = "gnu++14";
				CLANG_CXX_LIBRARY = "libc++";
				CLANG_ENABLE_MODULES = YES;
				CLANG_ENABLE_OBJC_ARC = YES;
				CLANG_ENABLE_OBJC_WEAK = YES;
				CLANG_WARN_BLOCK_CAPTURE_AUTORELEASING = YES;
				CLANG_WARN_BOOL_CONVERSION = YES;
				CLANG_WARN_COMMA = YES;
				CLANG_WARN_CONSTANT_CONVERSION = YES;
				CLANG_WARN_DEPRECATED_OBJC_IMPLEMENTATIONS = YES;
				CLANG_WARN_DIRECT_OBJC_ISA_USAGE = YES_ERROR;
				CLANG_WARN_DOCUMENTATION_COMMENTS = YES;
				CLANG_WARN_EMPTY_BODY = YES;
				CLANG_WARN_ENUM_CONVERSION = YES;
				CLANG_WARN_INFINITE_RECURSION = YES;
				CLANG_WARN_INT_CONVERSION = YES;
				CLANG_WARN_NON_LITERAL_NULL_CONVERSION = YES;
				CLANG_WARN_OBJC_IMPLICIT_RETAIN_SELF = YES;
				CLANG_WARN_OBJC_LITERAL_CONVERSION = YES;
				CLANG_WARN_OBJC_ROOT_CLASS = YES_ERROR;
				CLANG_WARN_QUOTED_INCLUDE_IN_FRAMEWORK_HEADER = YES;
				CLANG_WARN_RANGE_LOOP_ANALYSIS = YES;
				CLANG_WARN_STRICT_PROTOTYPES = YES;
				CLANG_WARN_SUSPICIOUS_MOVE = YES;
				CLANG_WARN_UNGUARDED_AVAILABILITY = YES_AGGRESSIVE;
				CLANG_WARN_UNREACHABLE_CODE = YES;
				CLANG_WARN__DUPLICATE_METHOD_MATCH = YES;
				COPY_PHASE_STRIP = NO;
				DEBUG_INFORMATION_FORMAT = "dwarf-with-dsym";
				ENABLE_NS_ASSERTIONS = NO;
				ENABLE_STRICT_OBJC_MSGSEND = YES;
				GCC_C_LANGUAGE_STANDARD = gnu11;
				GCC_NO_COMMON_BLOCKS = YES;
				GCC_WARN_64_TO_32_BIT_CONVERSION = YES;
				GCC_WARN_ABOUT_RETURN_TYPE = YES_ERROR;
				GCC_WARN_UNDECLARED_SELECTOR = YES;
				GCC_WARN_UNINITIALIZED_AUTOS = YES_AGGRESSIVE;
				GCC_WARN_UNUSED_FUNCTION = YES;
				GCC_WARN_UNUSED_VARIABLE = YES;
				MTL_ENABLE_DEBUG_INFO = NO;
				MTL_FAST_MATH = YES;
				SWIFT_COMPILATION_MODE = wholemodule;
				SWIFT_OPTIMIZATION_LEVEL = "-O";
			};
			name = Release;
		};
		1EB3D9EB264D52EE00F13B3B /* Debug */ = {
			isa = XCBuildConfiguration;
			buildSettings = {
				ASSETCATALOG_COMPILER_APPICON_NAME = AppIcon;
				ASSETCATALOG_COMPILER_GLOBAL_ACCENT_COLOR_NAME = AccentColor;
				CODE_SIGN_STYLE = Automatic;
				DEVELOPMENT_TEAM = PNJ2ZGDY4C;
				ENABLE_PREVIEWS = YES;
				INFOPLIST_FILE = iOS/Info.plist;
				IPHONEOS_DEPLOYMENT_TARGET = 14.0;
				LD_RUNPATH_SEARCH_PATHS = (
					"$(inherited)",
					"@executable_path/Frameworks",
				);
				PRODUCT_BUNDLE_IDENTIFIER = com.jeremieberduck.zafu.Zafu;
				PRODUCT_NAME = Zafu;
				SDKROOT = iphoneos;
				SWIFT_VERSION = 5.0;
				TARGETED_DEVICE_FAMILY = 1;
			};
			name = Debug;
		};
		1EB3D9EC264D52EE00F13B3B /* Release */ = {
			isa = XCBuildConfiguration;
			buildSettings = {
				ASSETCATALOG_COMPILER_APPICON_NAME = AppIcon;
				ASSETCATALOG_COMPILER_GLOBAL_ACCENT_COLOR_NAME = AccentColor;
				CODE_SIGN_STYLE = Automatic;
				DEVELOPMENT_TEAM = PNJ2ZGDY4C;
				ENABLE_PREVIEWS = YES;
				INFOPLIST_FILE = iOS/Info.plist;
				IPHONEOS_DEPLOYMENT_TARGET = 14.0;
				LD_RUNPATH_SEARCH_PATHS = (
					"$(inherited)",
					"@executable_path/Frameworks",
				);
				PRODUCT_BUNDLE_IDENTIFIER = com.jeremieberduck.zafu.Zafu;
				PRODUCT_NAME = Zafu;
				SDKROOT = iphoneos;
				SWIFT_VERSION = 5.0;
				TARGETED_DEVICE_FAMILY = 1;
				VALIDATE_PRODUCT = YES;
			};
			name = Release;
		};
/* End XCBuildConfiguration section */

/* Begin XCConfigurationList section */
		1EB3D9CD264D52ED00F13B3B /* Build configuration list for PBXProject "Zafu" */ = {
			isa = XCConfigurationList;
			buildConfigurations = (
				1EB3D9E8264D52EE00F13B3B /* Debug */,
				1EB3D9E9264D52EE00F13B3B /* Release */,
			);
			defaultConfigurationIsVisible = 0;
			defaultConfigurationName = Release;
		};
		1EB3D9EA264D52EE00F13B3B /* Build configuration list for PBXNativeTarget "Zafu (iOS)" */ = {
			isa = XCConfigurationList;
			buildConfigurations = (
				1EB3D9EB264D52EE00F13B3B /* Debug */,
				1EB3D9EC264D52EE00F13B3B /* Release */,
			);
			defaultConfigurationIsVisible = 0;
			defaultConfigurationName = Release;
		};
/* End XCConfigurationList section */
	};
	rootObject = 1EB3D9CA264D52ED00F13B3B /* Project object */;
}
