// !$*UTF8*$!
{
	archiveVersion = 1;
	classes = {
	};
	objectVersion = 50;
	objects = {

/* Begin PBXBuildFile section */
		1EB3D9E2264D52EE00F13B3B /* ZafuApp.swift in Sources */ = {isa = PBXBuildFile; fileRef = 1EB3D9CF264D52ED00F13B3B /* ZafuApp.swift */; };
		1EB3D9E3264D52EE00F13B3B /* ZafuApp.swift in Sources */ = {isa = PBXBuildFile; fileRef = 1EB3D9CF264D52ED00F13B3B /* ZafuApp.swift */; };
		1EB3D9E4264D52EE00F13B3B /* ContentView.swift in Sources */ = {isa = PBXBuildFile; fileRef = 1EB3D9D0264D52ED00F13B3B /* ContentView.swift */; };
		1EB3D9E5264D52EE00F13B3B /* ContentView.swift in Sources */ = {isa = PBXBuildFile; fileRef = 1EB3D9D0264D52ED00F13B3B /* ContentView.swift */; };
		1EB3D9E6264D52EE00F13B3B /* Assets.xcassets in Resources */ = {isa = PBXBuildFile; fileRef = 1EB3D9D1264D52EE00F13B3B /* Assets.xcassets */; };
		1EB3D9E7264D52EE00F13B3B /* Assets.xcassets in Resources */ = {isa = PBXBuildFile; fileRef = 1EB3D9D1264D52EE00F13B3B /* Assets.xcassets */; };
/* End PBXBuildFile section */

/* Begin PBXFileReference section */
		1EB3D9CF264D52ED00F13B3B /* ZafuApp.swift */ = {isa = PBXFileReference; lastKnownFileType = sourcecode.swift; path = ZafuApp.swift; sourceTree = "<group>"; };
		1EB3D9D0264D52ED00F13B3B /* ContentView.swift */ = {isa = PBXFileReference; lastKnownFileType = sourcecode.swift; path = ContentView.swift; sourceTree = "<group>"; };
		1EB3D9D1264D52EE00F13B3B /* Assets.xcassets */ = {isa = PBXFileReference; lastKnownFileType = folder.assetcatalog; path = Assets.xcassets; sourceTree = "<group>"; };
		1EB3D9D6264D52EE00F13B3B /* Zafu.app */ = {isa = PBXFileReference; explicitFileType = wrapper.application; includeInIndex = 0; path = Zafu.app; sourceTree = BUILT_PRODUCTS_DIR; };
		1EB3D9D9264D52EE00F13B3B /* Info.plist */ = {isa = PBXFileReference; lastKnownFileType = text.plist.xml; path = Info.plist; sourceTree = "<group>"; };
		1EB3D9DE264D52EE00F13B3B /* Zafu.app */ = {isa = PBXFileReference; explicitFileType = wrapper.application; includeInIndex = 0; path = Zafu.app; sourceTree = BUILT_PRODUCTS_DIR; };
		1EB3D9E0264D52EE00F13B3B /* Info.plist */ = {isa = PBXFileReference; lastKnownFileType = text.plist.xml; path = Info.plist; sourceTree = "<group>"; };
		1EB3D9E1264D52EE00F13B3B /* macOS.entitlements */ = {isa = PBXFileReference; lastKnownFileType = text.plist.entitlements; path = macOS.entitlements; sourceTree = "<group>"; };
/* End PBXFileReference section */

/* Begin PBXFrameworksBuildPhase section */
		1EB3D9D3264D52EE00F13B3B /* Frameworks */ = {
			isa = PBXFrameworksBuildPhase;
			buildActionMask = 2147483647;
			files = (
			);
			runOnlyForDeploymentPostprocessing = 0;
		};
		1EB3D9DB264D52EE00F13B3B /* Frameworks */ = {
			isa = PBXFrameworksBuildPhase;
			buildActionMask = 2147483647;
			files = (
			);
			runOnlyForDeploymentPostprocessing = 0;
		};
/* End PBXFrameworksBuildPhase section */

/* Begin PBXGroup section */
		1EB3D9C9264D52ED00F13B3B = {
			isa = PBXGroup;
			children = (
				1EB3D9CE264D52ED00F13B3B /* Shared */,
				1EB3D9D8264D52EE00F13B3B /* iOS */,
				1EB3D9DF264D52EE00F13B3B /* macOS */,
				1EB3D9D7264D52EE00F13B3B /* Products */,
			);
			sourceTree = "<group>";
		};
		1EB3D9CE264D52ED00F13B3B /* Shared */ = {
			isa = PBXGroup;
			children = (
				1EB3D9CF264D52ED00F13B3B /* ZafuApp.swift */,
				1EB3D9D0264D52ED00F13B3B /* ContentView.swift */,
				1EB3D9D1264D52EE00F13B3B /* Assets.xcassets */,
			);
			path = Shared;
			sourceTree = "<group>";
		};
		1EB3D9D7264D52EE00F13B3B /* Products */ = {
			isa = PBXGroup;
			children = (
				1EB3D9D6264D52EE00F13B3B /* Zafu.app */,
				1EB3D9DE264D52EE00F13B3B /* Zafu.app */,
			);
			name = Products;
			sourceTree = "<group>";
		};
		1EB3D9D8264D52EE00F13B3B /* iOS */ = {
			isa = PBXGroup;
			children = (
				1EB3D9D9264D52EE00F13B3B /* Info.plist */,
			);
			path = iOS;
			sourceTree = "<group>";
		};
		1EB3D9DF264D52EE00F13B3B /* macOS */ = {
			isa = PBXGroup;
			children = (
				1EB3D9E0264D52EE00F13B3B /* Info.plist */,
				1EB3D9E1264D52EE00F13B3B /* macOS.entitlements */,
			);
			path = macOS;
			sourceTree = "<group>";
		};
/* End PBXGroup section */

/* Begin PBXNativeTarget section */
		1EB3D9D5264D52EE00F13B3B /* Zafu (iOS) */ = {
			isa = PBXNativeTarget;
			buildConfigurationList = 1EB3D9EA264D52EE00F13B3B /* Build configuration list for PBXNativeTarget "Zafu (iOS)" */;
			buildPhases = (
				1EB3D9D2264D52EE00F13B3B /* Sources */,
				1EB3D9D3264D52EE00F13B3B /* Frameworks */,
				1EB3D9D4264D52EE00F13B3B /* Resources */,
			);
			buildRules = (
			);
			dependencies = (
			);
			name = "Zafu (iOS)";
			productName = "Zafu (iOS)";
			productReference = 1EB3D9D6264D52EE00F13B3B /* Zafu.app */;
			productType = "com.apple.product-type.application";
		};
		1EB3D9DD264D52EE00F13B3B /* Zafu (macOS) */ = {
			isa = PBXNativeTarget;
			buildConfigurationList = 1EB3D9ED264D52EE00F13B3B /* Build configuration list for PBXNativeTarget "Zafu (macOS)" */;
			buildPhases = (
				1EB3D9DA264D52EE00F13B3B /* Sources */,
				1EB3D9DB264D52EE00F13B3B /* Frameworks */,
				1EB3D9DC264D52EE00F13B3B /* Resources */,
			);
			buildRules = (
			);
			dependencies = (
			);
			name = "Zafu (macOS)";
			productName = "Zafu (macOS)";
			productReference = 1EB3D9DE264D52EE00F13B3B /* Zafu.app */;
			productType = "com.apple.product-type.application";
		};
/* End PBXNativeTarget section */

/* Begin PBXProject section */
		1EB3D9CA264D52ED00F13B3B /* Project object */ = {
			isa = PBXProject;
			attributes = {
				LastSwiftUpdateCheck = 1250;
				LastUpgradeCheck = 1250;
				TargetAttributes = {
					1EB3D9D5264D52EE00F13B3B = {
						CreatedOnToolsVersion = 12.5;
					};
					1EB3D9DD264D52EE00F13B3B = {
						CreatedOnToolsVersion = 12.5;
					};
				};
			};
			buildConfigurationList = 1EB3D9CD264D52ED00F13B3B /* Build configuration list for PBXProject "Zafu" */;
			compatibilityVersion = "Xcode 9.3";
			developmentRegion = en;
			hasScannedForEncodings = 0;
			knownRegions = (
				en,
				Base,
			);
			mainGroup = 1EB3D9C9264D52ED00F13B3B;
			productRefGroup = 1EB3D9D7264D52EE00F13B3B /* Products */;
			projectDirPath = "";
			projectRoot = "";
			targets = (
				1EB3D9D5264D52EE00F13B3B /* Zafu (iOS) */,
				1EB3D9DD264D52EE00F13B3B /* Zafu (macOS) */,
			);
		};
/* End PBXProject section */

/* Begin PBXResourcesBuildPhase section */
		1EB3D9D4264D52EE00F13B3B /* Resources */ = {
			isa = PBXResourcesBuildPhase;
			buildActionMask = 2147483647;
			files = (
				1EB3D9E6264D52EE00F13B3B /* Assets.xcassets in Resources */,
			);
			runOnlyForDeploymentPostprocessing = 0;
		};
		1EB3D9DC264D52EE00F13B3B /* Resources */ = {
			isa = PBXResourcesBuildPhase;
			buildActionMask = 2147483647;
			files = (
				1EB3D9E7264D52EE00F13B3B /* Assets.xcassets in Resources */,
			);
			runOnlyForDeploymentPostprocessing = 0;
		};
/* End PBXResourcesBuildPhase section */

/* Begin PBXSourcesBuildPhase section */
		1EB3D9D2264D52EE00F13B3B /* Sources */ = {
			isa = PBXSourcesBuildPhase;
			buildActionMask = 2147483647;
			files = (
				1EB3D9E4264D52EE00F13B3B /* ContentView.swift in Sources */,
				1EB3D9E2264D52EE00F13B3B /* ZafuApp.swift in Sources */,
			);
			runOnlyForDeploymentPostprocessing = 0;
		};
		1EB3D9DA264D52EE00F13B3B /* Sources */ = {
			isa = PBXSourcesBuildPhase;
			buildActionMask = 2147483647;
			files = (
				1EB3D9E5264D52EE00F13B3B /* ContentView.swift in Sources */,
				1EB3D9E3264D52EE00F13B3B /* ZafuApp.swift in Sources */,
			);
			runOnlyForDeploymentPostprocessing = 0;
		};
/* End PBXSourcesBuildPhase section */

/* Begin XCBuildConfiguration section */
		1EB3D9E8264D52EE00F13B3B /* Debug */ = {
			isa = XCBuildConfiguration;
			buildSettings = {
				ALWAYS_SEARCH_USER_PATHS = NO;
				CLANG_ANALYZER_NONNULL = YES;
				CLANG_ANALYZER_NUMBER_OBJECT_CONVERSION = YES_AGGRESSIVE;
				CLANG_CXX_LANGUAGE_STANDARD = "gnu++14";
				CLANG_CXX_LIBRARY = "libc++";
				CLANG_ENABLE_MODULES = YES;
				CLANG_ENABLE_OBJC_ARC = YES;
				CLANG_ENABLE_OBJC_WEAK = YES;
				CLANG_WARN_BLOCK_CAPTURE_AUTORELEASING = YES;
				CLANG_WARN_BOOL_CONVERSION = YES;
				CLANG_WARN_COMMA = YES;
				CLANG_WARN_CONSTANT_CONVERSION = YES;
				CLANG_WARN_DEPRECATED_OBJC_IMPLEMENTATIONS = YES;
				CLANG_WARN_DIRECT_OBJC_ISA_USAGE = YES_ERROR;
				CLANG_WARN_DOCUMENTATION_COMMENTS = YES;
				CLANG_WARN_EMPTY_BODY = YES;
				CLANG_WARN_ENUM_CONVERSION = YES;
				CLANG_WARN_INFINITE_RECURSION = YES;
				CLANG_WARN_INT_CONVERSION = YES;
				CLANG_WARN_NON_LITERAL_NULL_CONVERSION = YES;
				CLANG_WARN_OBJC_IMPLICIT_RETAIN_SELF = YES;
				CLANG_WARN_OBJC_LITERAL_CONVERSION = YES;
				CLANG_WARN_OBJC_ROOT_CLASS = YES_ERROR;
				CLANG_WARN_QUOTED_INCLUDE_IN_FRAMEWORK_HEADER = YES;
				CLANG_WARN_RANGE_LOOP_ANALYSIS = YES;
				CLANG_WARN_STRICT_PROTOTYPES = YES;
				CLANG_WARN_SUSPICIOUS_MOVE = YES;
				CLANG_WARN_UNGUARDED_AVAILABILITY = YES_AGGRESSIVE;
				CLANG_WARN_UNREACHABLE_CODE = YES;
				CLANG_WARN__DUPLICATE_METHOD_MATCH = YES;
				COPY_PHASE_STRIP = NO;
				DEBUG_INFORMATION_FORMAT = dwarf;
				ENABLE_STRICT_OBJC_MSGSEND = YES;
				ENABLE_TESTABILITY = YES;
				GCC_C_LANGUAGE_STANDARD = gnu11;
				GCC_DYNAMIC_NO_PIC = NO;
				GCC_NO_COMMON_BLOCKS = YES;
				GCC_OPTIMIZATION_LEVEL = 0;
				GCC_PREPROCESSOR_DEFINITIONS = (
					"DEBUG=1",
					"$(inherited)",
				);
				GCC_WARN_64_TO_32_BIT_CONVERSION = YES;
				GCC_WARN_ABOUT_RETURN_TYPE = YES_ERROR;
				GCC_WARN_UNDECLARED_SELECTOR = YES;
				GCC_WARN_UNINITIALIZED_AUTOS = YES_AGGRESSIVE;
				GCC_WARN_UNUSED_FUNCTION = YES;
				GCC_WARN_UNUSED_VARIABLE = YES;
				MTL_ENABLE_DEBUG_INFO = INCLUDE_SOURCE;
				MTL_FAST_MATH = YES;
				ONLY_ACTIVE_ARCH = YES;
				SWIFT_ACTIVE_COMPILATION_CONDITIONS = DEBUG;
				SWIFT_OPTIMIZATION_LEVEL = "-Onone";
			};
			name = Debug;
		};
		1EB3D9E9264D52EE00F13B3B /* Release */ = {
			isa = XCBuildConfiguration;
			buildSettings = {
				ALWAYS_SEARCH_USER_PATHS = NO;
				CLANG_ANALYZER_NONNULL = YES;
				CLANG_ANALYZER_NUMBER_OBJECT_CONVERSION = YES_AGGRESSIVE;
				CLANG_CXX_LANGUAGE_STANDARD = "gnu++14";
				CLANG_CXX_LIBRARY = "libc++";
				CLANG_ENABLE_MODULES = YES;
				CLANG_ENABLE_OBJC_ARC = YES;
				CLANG_ENABLE_OBJC_WEAK = YES;
				CLANG_WARN_BLOCK_CAPTURE_AUTORELEASING = YES;
				CLANG_WARN_BOOL_CONVERSION = YES;
				CLANG_WARN_COMMA = YES;
				CLANG_WARN_CONSTANT_CONVERSION = YES;
				CLANG_WARN_DEPRECATED_OBJC_IMPLEMENTATIONS = YES;
				CLANG_WARN_DIRECT_OBJC_ISA_USAGE = YES_ERROR;
				CLANG_WARN_DOCUMENTATION_COMMENTS = YES;
				CLANG_WARN_EMPTY_BODY = YES;
				CLANG_WARN_ENUM_CONVERSION = YES;
				CLANG_WARN_INFINITE_RECURSION = YES;
				CLANG_WARN_INT_CONVERSION = YES;
				CLANG_WARN_NON_LITERAL_NULL_CONVERSION = YES;
				CLANG_WARN_OBJC_IMPLICIT_RETAIN_SELF = YES;
				CLANG_WARN_OBJC_LITERAL_CONVERSION = YES;
				CLANG_WARN_OBJC_ROOT_CLASS = YES_ERROR;
				CLANG_WARN_QUOTED_INCLUDE_IN_FRAMEWORK_HEADER = YES;
				CLANG_WARN_RANGE_LOOP_ANALYSIS = YES;
				CLANG_WARN_STRICT_PROTOTYPES = YES;
				CLANG_WARN_SUSPICIOUS_MOVE = YES;
				CLANG_WARN_UNGUARDED_AVAILABILITY = YES_AGGRESSIVE;
				CLANG_WARN_UNREACHABLE_CODE = YES;
				CLANG_WARN__DUPLICATE_METHOD_MATCH = YES;
				COPY_PHASE_STRIP = NO;
				DEBUG_INFORMATION_FORMAT = "dwarf-with-dsym";
				ENABLE_NS_ASSERTIONS = NO;
				ENABLE_STRICT_OBJC_MSGSEND = YES;
				GCC_C_LANGUAGE_STANDARD = gnu11;
				GCC_NO_COMMON_BLOCKS = YES;
				GCC_WARN_64_TO_32_BIT_CONVERSION = YES;
				GCC_WARN_ABOUT_RETURN_TYPE = YES_ERROR;
				GCC_WARN_UNDECLARED_SELECTOR = YES;
				GCC_WARN_UNINITIALIZED_AUTOS = YES_AGGRESSIVE;
				GCC_WARN_UNUSED_FUNCTION = YES;
				GCC_WARN_UNUSED_VARIABLE = YES;
				MTL_ENABLE_DEBUG_INFO = NO;
				MTL_FAST_MATH = YES;
				SWIFT_COMPILATION_MODE = wholemodule;
				SWIFT_OPTIMIZATION_LEVEL = "-O";
			};
			name = Release;
		};
		1EB3D9EB264D52EE00F13B3B /* Debug */ = {
			isa = XCBuildConfiguration;
			buildSettings = {
				ASSETCATALOG_COMPILER_APPICON_NAME = AppIcon;
				ASSETCATALOG_COMPILER_GLOBAL_ACCENT_COLOR_NAME = AccentColor;
				CODE_SIGN_STYLE = Automatic;
				DEVELOPMENT_TEAM = PNJ2ZGDY4C;
				ENABLE_PREVIEWS = YES;
				INFOPLIST_FILE = iOS/Info.plist;
				IPHONEOS_DEPLOYMENT_TARGET = 14.0;
				LD_RUNPATH_SEARCH_PATHS = (
					"$(inherited)",
					"@executable_path/Frameworks",
				);
				PRODUCT_BUNDLE_IDENTIFIER = com.jeremieberduck.zafu.Zafu;
				PRODUCT_NAME = Zafu;
				SDKROOT = iphoneos;
				SWIFT_VERSION = 5.0;
				TARGETED_DEVICE_FAMILY = "1,2";
			};
			name = Debug;
		};
		1EB3D9EC264D52EE00F13B3B /* Release */ = {
			isa = XCBuildConfiguration;
			buildSettings = {
				ASSETCATALOG_COMPILER_APPICON_NAME = AppIcon;
				ASSETCATALOG_COMPILER_GLOBAL_ACCENT_COLOR_NAME = AccentColor;
				CODE_SIGN_STYLE = Automatic;
				DEVELOPMENT_TEAM = PNJ2ZGDY4C;
				ENABLE_PREVIEWS = YES;
				INFOPLIST_FILE = iOS/Info.plist;
				IPHONEOS_DEPLOYMENT_TARGET = 14.0;
				LD_RUNPATH_SEARCH_PATHS = (
					"$(inherited)",
					"@executable_path/Frameworks",
				);
				PRODUCT_BUNDLE_IDENTIFIER = com.jeremieberduck.zafu.Zafu;
				PRODUCT_NAME = Zafu;
				SDKROOT = iphoneos;
				SWIFT_VERSION = 5.0;
				TARGETED_DEVICE_FAMILY = "1,2";
				VALIDATE_PRODUCT = YES;
			};
			name = Release;
		};
		1EB3D9EE264D52EE00F13B3B /* Debug */ = {
			isa = XCBuildConfiguration;
			buildSettings = {
				ASSETCATALOG_COMPILER_APPICON_NAME = AppIcon;
				ASSETCATALOG_COMPILER_GLOBAL_ACCENT_COLOR_NAME = AccentColor;
				CODE_SIGN_ENTITLEMENTS = macOS/macOS.entitlements;
				CODE_SIGN_STYLE = Automatic;
				COMBINE_HIDPI_IMAGES = YES;
				DEVELOPMENT_TEAM = PNJ2ZGDY4C;
				ENABLE_HARDENED_RUNTIME = YES;
				ENABLE_PREVIEWS = YES;
				INFOPLIST_FILE = macOS/Info.plist;
				LD_RUNPATH_SEARCH_PATHS = (
					"$(inherited)",
					"@executable_path/../Frameworks",
				);
				MACOSX_DEPLOYMENT_TARGET = 11.0;
				PRODUCT_BUNDLE_IDENTIFIER = com.jeremieberduck.zafu.Zafu;
				PRODUCT_NAME = Zafu;
				SDKROOT = macosx;
				SWIFT_VERSION = 5.0;
			};
			name = Debug;
		};
		1EB3D9EF264D52EE00F13B3B /* Release */ = {
			isa = XCBuildConfiguration;
			buildSettings = {
				ASSETCATALOG_COMPILER_APPICON_NAME = AppIcon;
				ASSETCATALOG_COMPILER_GLOBAL_ACCENT_COLOR_NAME = AccentColor;
				CODE_SIGN_ENTITLEMENTS = macOS/macOS.entitlements;
				CODE_SIGN_STYLE = Automatic;
				COMBINE_HIDPI_IMAGES = YES;
				DEVELOPMENT_TEAM = PNJ2ZGDY4C;
				ENABLE_HARDENED_RUNTIME = YES;
				ENABLE_PREVIEWS = YES;
				INFOPLIST_FILE = macOS/Info.plist;
				LD_RUNPATH_SEARCH_PATHS = (
					"$(inherited)",
					"@executable_path/../Frameworks",
				);
				MACOSX_DEPLOYMENT_TARGET = 11.0;
				PRODUCT_BUNDLE_IDENTIFIER = com.jeremieberduck.zafu.Zafu;
				PRODUCT_NAME = Zafu;
				SDKROOT = macosx;
				SWIFT_VERSION = 5.0;
			};
			name = Release;
		};
/* End XCBuildConfiguration section */

/* Begin XCConfigurationList section */
		1EB3D9CD264D52ED00F13B3B /* Build configuration list for PBXProject "Zafu" */ = {
			isa = XCConfigurationList;
			buildConfigurations = (
				1EB3D9E8264D52EE00F13B3B /* Debug */,
				1EB3D9E9264D52EE00F13B3B /* Release */,
			);
			defaultConfigurationIsVisible = 0;
			defaultConfigurationName = Release;
		};
		1EB3D9EA264D52EE00F13B3B /* Build configuration list for PBXNativeTarget "Zafu (iOS)" */ = {
			isa = XCConfigurationList;
			buildConfigurations = (
				1EB3D9EB264D52EE00F13B3B /* Debug */,
				1EB3D9EC264D52EE00F13B3B /* Release */,
			);
			defaultConfigurationIsVisible = 0;
			defaultConfigurationName = Release;
		};
		1EB3D9ED264D52EE00F13B3B /* Build configuration list for PBXNativeTarget "Zafu (macOS)" */ = {
			isa = XCConfigurationList;
			buildConfigurations = (
				1EB3D9EE264D52EE00F13B3B /* Debug */,
				1EB3D9EF264D52EE00F13B3B /* Release */,
			);
			defaultConfigurationIsVisible = 0;
			defaultConfigurationName = Release;
		};
/* End XCConfigurationList section */
	};
	rootObject = 1EB3D9CA264D52ED00F13B3B /* Project object */;
}
